<?xml version="1.0" encoding="utf-8"?>
<Project ToolsVersion="4.0" xmlns="http://schemas.microsoft.com/developer/msbuild/2003">
  <ItemGroup>
    <Filter Include="Core">
      <UniqueIdentifier>{9ec6643d-c6d7-40f3-9ba8-533ec7074cd5}</UniqueIdentifier>
    </Filter>
    <Filter Include="Core\Messaging">
      <UniqueIdentifier>{6960aa4c-0233-48af-bcd8-1a60a99bc5f7}</UniqueIdentifier>
    </Filter>
  </ItemGroup>
  <ItemGroup>
    <ClInclude Include="Precompiled.h">
      <Filter>Core</Filter>
    </ClInclude>
    <ClInclude Include="Message.h">
      <Filter>Core\Messaging</Filter>
    </ClInclude>
  </ItemGroup>
  <ItemGroup>
    <ClCompile Include="Main.cpp">
      <Filter>Core</Filter>
    </ClCompile>
  </ItemGroup>
</Project>